// !$*UTF8*$!
{
	archiveVersion = 1;
	classes = {
	};
	objectVersion = 56;
	objects = {

/* Begin PBXBuildFile section */
		EC3C97A729E872160068437F /* AcercaDe.swift in Sources */ = {isa = PBXBuildFile; fileRef = EC3C97A629E872160068437F /* AcercaDe.swift */; };
		EC4EE34E29E08F920067D651 /* CameraService.swift in Sources */ = {isa = PBXBuildFile; fileRef = EC4EE34D29E08F920067D651 /* CameraService.swift */; };
		EC4EE35029E0939A0067D651 /* CameraView.swift in Sources */ = {isa = PBXBuildFile; fileRef = EC4EE34F29E0939A0067D651 /* CameraView.swift */; };
		EC4EE35229E097DE0067D651 /* CustomCameraView.swift in Sources */ = {isa = PBXBuildFile; fileRef = EC4EE35129E097DE0067D651 /* CustomCameraView.swift */; };
		EC63889229E10EF8002E11C6 /* ConfigurationView.swift in Sources */ = {isa = PBXBuildFile; fileRef = EC63889129E10EF8002E11C6 /* ConfigurationView.swift */; };
		EC6F071A29DFC8E800A8C573 /* LSMApp.swift in Sources */ = {isa = PBXBuildFile; fileRef = EC6F071929DFC8E800A8C573 /* LSMApp.swift */; };
		EC6F071C29DFC8E800A8C573 /* ContentView.swift in Sources */ = {isa = PBXBuildFile; fileRef = EC6F071B29DFC8E800A8C573 /* ContentView.swift */; };
		EC6F071E29DFC8F000A8C573 /* Assets.xcassets in Resources */ = {isa = PBXBuildFile; fileRef = EC6F071D29DFC8F000A8C573 /* Assets.xcassets */; };
		EC6F072229DFC8F000A8C573 /* Preview Assets.xcassets in Resources */ = {isa = PBXBuildFile; fileRef = EC6F072129DFC8F000A8C573 /* Preview Assets.xcassets */; };
		EC6F072C29DFC8F000A8C573 /* LSMTests.swift in Sources */ = {isa = PBXBuildFile; fileRef = EC6F072B29DFC8F000A8C573 /* LSMTests.swift */; };
		EC6F073629DFC8F100A8C573 /* LSMUITests.swift in Sources */ = {isa = PBXBuildFile; fileRef = EC6F073529DFC8F100A8C573 /* LSMUITests.swift */; };
		EC6F073829DFC8F100A8C573 /* LSMUITestsLaunchTests.swift in Sources */ = {isa = PBXBuildFile; fileRef = EC6F073729DFC8F100A8C573 /* LSMUITestsLaunchTests.swift */; };
		EC83596329E478E700B09C8E /* SupportEmail.swift in Sources */ = {isa = PBXBuildFile; fileRef = EC83596229E478E700B09C8E /* SupportEmail.swift */; };
		EC83596529E4860600B09C8E /* Menu.swift in Sources */ = {isa = PBXBuildFile; fileRef = EC83596429E4860600B09C8E /* Menu.swift */; };
		EC8EFAC829E4DBBE00EEBCE1 /* Info.swift in Sources */ = {isa = PBXBuildFile; fileRef = EC8EFAC729E4DBBE00EEBCE1 /* Info.swift */; };
/* End PBXBuildFile section */

/* Begin PBXContainerItemProxy section */
		EC6F072829DFC8F000A8C573 /* PBXContainerItemProxy */ = {
			isa = PBXContainerItemProxy;
			containerPortal = EC6F070E29DFC8E800A8C573 /* Project object */;
			proxyType = 1;
			remoteGlobalIDString = EC6F071529DFC8E800A8C573;
			remoteInfo = LSM;
		};
		EC6F073229DFC8F000A8C573 /* PBXContainerItemProxy */ = {
			isa = PBXContainerItemProxy;
			containerPortal = EC6F070E29DFC8E800A8C573 /* Project object */;
			proxyType = 1;
			remoteGlobalIDString = EC6F071529DFC8E800A8C573;
			remoteInfo = LSM;
		};
/* End PBXContainerItemProxy section */

/* Begin PBXFileReference section */
		EC3C97A629E872160068437F /* AcercaDe.swift */ = {isa = PBXFileReference; lastKnownFileType = sourcecode.swift; path = AcercaDe.swift; sourceTree = "<group>"; };
		EC4EE34D29E08F920067D651 /* CameraService.swift */ = {isa = PBXFileReference; lastKnownFileType = sourcecode.swift; path = CameraService.swift; sourceTree = "<group>"; };
		EC4EE34F29E0939A0067D651 /* CameraView.swift */ = {isa = PBXFileReference; lastKnownFileType = sourcecode.swift; path = CameraView.swift; sourceTree = "<group>"; };
		EC4EE35129E097DE0067D651 /* CustomCameraView.swift */ = {isa = PBXFileReference; lastKnownFileType = sourcecode.swift; path = CustomCameraView.swift; sourceTree = "<group>"; };
		EC63889129E10EF8002E11C6 /* ConfigurationView.swift */ = {isa = PBXFileReference; lastKnownFileType = sourcecode.swift; path = ConfigurationView.swift; sourceTree = "<group>"; };
		EC6F071629DFC8E800A8C573 /* LSM.app */ = {isa = PBXFileReference; explicitFileType = wrapper.application; includeInIndex = 0; path = LSM.app; sourceTree = BUILT_PRODUCTS_DIR; };
		EC6F071929DFC8E800A8C573 /* LSMApp.swift */ = {isa = PBXFileReference; lastKnownFileType = sourcecode.swift; path = LSMApp.swift; sourceTree = "<group>"; };
		EC6F071B29DFC8E800A8C573 /* ContentView.swift */ = {isa = PBXFileReference; lastKnownFileType = sourcecode.swift; path = ContentView.swift; sourceTree = "<group>"; };
		EC6F071D29DFC8F000A8C573 /* Assets.xcassets */ = {isa = PBXFileReference; lastKnownFileType = folder.assetcatalog; path = Assets.xcassets; sourceTree = "<group>"; };
		EC6F071F29DFC8F000A8C573 /* LSM.entitlements */ = {isa = PBXFileReference; lastKnownFileType = text.plist.entitlements; path = LSM.entitlements; sourceTree = "<group>"; };
		EC6F072129DFC8F000A8C573 /* Preview Assets.xcassets */ = {isa = PBXFileReference; lastKnownFileType = folder.assetcatalog; path = "Preview Assets.xcassets"; sourceTree = "<group>"; };
		EC6F072729DFC8F000A8C573 /* LSMTests.xctest */ = {isa = PBXFileReference; explicitFileType = wrapper.cfbundle; includeInIndex = 0; path = LSMTests.xctest; sourceTree = BUILT_PRODUCTS_DIR; };
		EC6F072B29DFC8F000A8C573 /* LSMTests.swift */ = {isa = PBXFileReference; lastKnownFileType = sourcecode.swift; path = LSMTests.swift; sourceTree = "<group>"; };
		EC6F073129DFC8F000A8C573 /* LSMUITests.xctest */ = {isa = PBXFileReference; explicitFileType = wrapper.cfbundle; includeInIndex = 0; path = LSMUITests.xctest; sourceTree = BUILT_PRODUCTS_DIR; };
		EC6F073529DFC8F100A8C573 /* LSMUITests.swift */ = {isa = PBXFileReference; lastKnownFileType = sourcecode.swift; path = LSMUITests.swift; sourceTree = "<group>"; };
		EC6F073729DFC8F100A8C573 /* LSMUITestsLaunchTests.swift */ = {isa = PBXFileReference; lastKnownFileType = sourcecode.swift; path = LSMUITestsLaunchTests.swift; sourceTree = "<group>"; };
		EC83596229E478E700B09C8E /* SupportEmail.swift */ = {isa = PBXFileReference; lastKnownFileType = sourcecode.swift; path = SupportEmail.swift; sourceTree = "<group>"; };
		EC83596429E4860600B09C8E /* Menu.swift */ = {isa = PBXFileReference; lastKnownFileType = sourcecode.swift; path = Menu.swift; sourceTree = "<group>"; };
		EC8EFAC729E4DBBE00EEBCE1 /* Info.swift */ = {isa = PBXFileReference; lastKnownFileType = sourcecode.swift; path = Info.swift; sourceTree = "<group>"; };
/* End PBXFileReference section */

/* Begin PBXFrameworksBuildPhase section */
		EC6F071329DFC8E800A8C573 /* Frameworks */ = {
			isa = PBXFrameworksBuildPhase;
			buildActionMask = 2147483647;
			files = (
			);
			runOnlyForDeploymentPostprocessing = 0;
		};
		EC6F072429DFC8F000A8C573 /* Frameworks */ = {
			isa = PBXFrameworksBuildPhase;
			buildActionMask = 2147483647;
			files = (
			);
			runOnlyForDeploymentPostprocessing = 0;
		};
		EC6F072E29DFC8F000A8C573 /* Frameworks */ = {
			isa = PBXFrameworksBuildPhase;
			buildActionMask = 2147483647;
			files = (
			);
			runOnlyForDeploymentPostprocessing = 0;
		};
/* End PBXFrameworksBuildPhase section */

/* Begin PBXGroup section */
		EC6F070D29DFC8E800A8C573 = {
			isa = PBXGroup;
			children = (
				EC6F071829DFC8E800A8C573 /* LSM */,
				EC6F072A29DFC8F000A8C573 /* LSMTests */,
				EC6F073429DFC8F100A8C573 /* LSMUITests */,
				EC6F071729DFC8E800A8C573 /* Products */,
			);
			sourceTree = "<group>";
		};
		EC6F071729DFC8E800A8C573 /* Products */ = {
			isa = PBXGroup;
			children = (
				EC6F071629DFC8E800A8C573 /* LSM.app */,
				EC6F072729DFC8F000A8C573 /* LSMTests.xctest */,
				EC6F073129DFC8F000A8C573 /* LSMUITests.xctest */,
			);
			name = Products;
			sourceTree = "<group>";
		};
		EC6F071829DFC8E800A8C573 /* LSM */ = {
			isa = PBXGroup;
			children = (
				EC6F071929DFC8E800A8C573 /* LSMApp.swift */,
				EC6F071B29DFC8E800A8C573 /* ContentView.swift */,
				EC6F071D29DFC8F000A8C573 /* Assets.xcassets */,
				EC6F071F29DFC8F000A8C573 /* LSM.entitlements */,
				EC6F072029DFC8F000A8C573 /* Preview Content */,
				EC4EE34D29E08F920067D651 /* CameraService.swift */,
				EC4EE34F29E0939A0067D651 /* CameraView.swift */,
				EC4EE35129E097DE0067D651 /* CustomCameraView.swift */,
				EC63889129E10EF8002E11C6 /* ConfigurationView.swift */,
				EC83596229E478E700B09C8E /* SupportEmail.swift */,
				EC83596429E4860600B09C8E /* Menu.swift */,
				EC8EFAC729E4DBBE00EEBCE1 /* Info.swift */,
				EC3C97A629E872160068437F /* AcercaDe.swift */,
			);
			path = LSM;
			sourceTree = "<group>";
		};
		EC6F072029DFC8F000A8C573 /* Preview Content */ = {
			isa = PBXGroup;
			children = (
				EC6F072129DFC8F000A8C573 /* Preview Assets.xcassets */,
			);
			path = "Preview Content";
			sourceTree = "<group>";
		};
		EC6F072A29DFC8F000A8C573 /* LSMTests */ = {
			isa = PBXGroup;
			children = (
				EC6F072B29DFC8F000A8C573 /* LSMTests.swift */,
			);
			path = LSMTests;
			sourceTree = "<group>";
		};
		EC6F073429DFC8F100A8C573 /* LSMUITests */ = {
			isa = PBXGroup;
			children = (
				EC6F073529DFC8F100A8C573 /* LSMUITests.swift */,
				EC6F073729DFC8F100A8C573 /* LSMUITestsLaunchTests.swift */,
			);
			path = LSMUITests;
			sourceTree = "<group>";
		};
/* End PBXGroup section */

/* Begin PBXNativeTarget section */
		EC6F071529DFC8E800A8C573 /* LSM */ = {
			isa = PBXNativeTarget;
			buildConfigurationList = EC6F073B29DFC8F100A8C573 /* Build configuration list for PBXNativeTarget "LSM" */;
			buildPhases = (
				EC6F071229DFC8E800A8C573 /* Sources */,
				EC6F071329DFC8E800A8C573 /* Frameworks */,
				EC6F071429DFC8E800A8C573 /* Resources */,
			);
			buildRules = (
			);
			dependencies = (
			);
			name = LSM;
			productName = LSM;
			productReference = EC6F071629DFC8E800A8C573 /* LSM.app */;
			productType = "com.apple.product-type.application";
		};
		EC6F072629DFC8F000A8C573 /* LSMTests */ = {
			isa = PBXNativeTarget;
			buildConfigurationList = EC6F073E29DFC8F100A8C573 /* Build configuration list for PBXNativeTarget "LSMTests" */;
			buildPhases = (
				EC6F072329DFC8F000A8C573 /* Sources */,
				EC6F072429DFC8F000A8C573 /* Frameworks */,
				EC6F072529DFC8F000A8C573 /* Resources */,
			);
			buildRules = (
			);
			dependencies = (
				EC6F072929DFC8F000A8C573 /* PBXTargetDependency */,
			);
			name = LSMTests;
			productName = LSMTests;
			productReference = EC6F072729DFC8F000A8C573 /* LSMTests.xctest */;
			productType = "com.apple.product-type.bundle.unit-test";
		};
		EC6F073029DFC8F000A8C573 /* LSMUITests */ = {
			isa = PBXNativeTarget;
			buildConfigurationList = EC6F074129DFC8F100A8C573 /* Build configuration list for PBXNativeTarget "LSMUITests" */;
			buildPhases = (
				EC6F072D29DFC8F000A8C573 /* Sources */,
				EC6F072E29DFC8F000A8C573 /* Frameworks */,
				EC6F072F29DFC8F000A8C573 /* Resources */,
			);
			buildRules = (
			);
			dependencies = (
				EC6F073329DFC8F000A8C573 /* PBXTargetDependency */,
			);
			name = LSMUITests;
			productName = LSMUITests;
			productReference = EC6F073129DFC8F000A8C573 /* LSMUITests.xctest */;
			productType = "com.apple.product-type.bundle.ui-testing";
		};
/* End PBXNativeTarget section */

/* Begin PBXProject section */
		EC6F070E29DFC8E800A8C573 /* Project object */ = {
			isa = PBXProject;
			attributes = {
				BuildIndependentTargetsInParallel = 1;
				LastSwiftUpdateCheck = 1430;
				LastUpgradeCheck = 1430;
				TargetAttributes = {
					EC6F071529DFC8E800A8C573 = {
						CreatedOnToolsVersion = 14.3;
					};
					EC6F072629DFC8F000A8C573 = {
						CreatedOnToolsVersion = 14.3;
						TestTargetID = EC6F071529DFC8E800A8C573;
					};
					EC6F073029DFC8F000A8C573 = {
						CreatedOnToolsVersion = 14.3;
						TestTargetID = EC6F071529DFC8E800A8C573;
					};
				};
			};
			buildConfigurationList = EC6F071129DFC8E800A8C573 /* Build configuration list for PBXProject "LSM" */;
			compatibilityVersion = "Xcode 14.0";
			developmentRegion = en;
			hasScannedForEncodings = 0;
			knownRegions = (
				en,
				Base,
			);
			mainGroup = EC6F070D29DFC8E800A8C573;
			productRefGroup = EC6F071729DFC8E800A8C573 /* Products */;
			projectDirPath = "";
			projectRoot = "";
			targets = (
				EC6F071529DFC8E800A8C573 /* LSM */,
				EC6F072629DFC8F000A8C573 /* LSMTests */,
				EC6F073029DFC8F000A8C573 /* LSMUITests */,
			);
		};
/* End PBXProject section */

/* Begin PBXResourcesBuildPhase section */
		EC6F071429DFC8E800A8C573 /* Resources */ = {
			isa = PBXResourcesBuildPhase;
			buildActionMask = 2147483647;
			files = (
				EC6F072229DFC8F000A8C573 /* Preview Assets.xcassets in Resources */,
				EC6F071E29DFC8F000A8C573 /* Assets.xcassets in Resources */,
			);
			runOnlyForDeploymentPostprocessing = 0;
		};
		EC6F072529DFC8F000A8C573 /* Resources */ = {
			isa = PBXResourcesBuildPhase;
			buildActionMask = 2147483647;
			files = (
			);
			runOnlyForDeploymentPostprocessing = 0;
		};
		EC6F072F29DFC8F000A8C573 /* Resources */ = {
			isa = PBXResourcesBuildPhase;
			buildActionMask = 2147483647;
			files = (
			);
			runOnlyForDeploymentPostprocessing = 0;
		};
/* End PBXResourcesBuildPhase section */

/* Begin PBXSourcesBuildPhase section */
		EC6F071229DFC8E800A8C573 /* Sources */ = {
			isa = PBXSourcesBuildPhase;
			buildActionMask = 2147483647;
			files = (
				EC6F071C29DFC8E800A8C573 /* ContentView.swift in Sources */,
				EC63889229E10EF8002E11C6 /* ConfigurationView.swift in Sources */,
				EC83596329E478E700B09C8E /* SupportEmail.swift in Sources */,
				EC8EFAC829E4DBBE00EEBCE1 /* Info.swift in Sources */,
				EC6F071A29DFC8E800A8C573 /* LSMApp.swift in Sources */,
				EC4EE35229E097DE0067D651 /* CustomCameraView.swift in Sources */,
				EC83596529E4860600B09C8E /* Menu.swift in Sources */,
				EC4EE34E29E08F920067D651 /* CameraService.swift in Sources */,
				EC3C97A729E872160068437F /* AcercaDe.swift in Sources */,
				EC4EE35029E0939A0067D651 /* CameraView.swift in Sources */,
			);
			runOnlyForDeploymentPostprocessing = 0;
		};
		EC6F072329DFC8F000A8C573 /* Sources */ = {
			isa = PBXSourcesBuildPhase;
			buildActionMask = 2147483647;
			files = (
				EC6F072C29DFC8F000A8C573 /* LSMTests.swift in Sources */,
			);
			runOnlyForDeploymentPostprocessing = 0;
		};
		EC6F072D29DFC8F000A8C573 /* Sources */ = {
			isa = PBXSourcesBuildPhase;
			buildActionMask = 2147483647;
			files = (
				EC6F073629DFC8F100A8C573 /* LSMUITests.swift in Sources */,
				EC6F073829DFC8F100A8C573 /* LSMUITestsLaunchTests.swift in Sources */,
			);
			runOnlyForDeploymentPostprocessing = 0;
		};
/* End PBXSourcesBuildPhase section */

/* Begin PBXTargetDependency section */
		EC6F072929DFC8F000A8C573 /* PBXTargetDependency */ = {
			isa = PBXTargetDependency;
			target = EC6F071529DFC8E800A8C573 /* LSM */;
			targetProxy = EC6F072829DFC8F000A8C573 /* PBXContainerItemProxy */;
		};
		EC6F073329DFC8F000A8C573 /* PBXTargetDependency */ = {
			isa = PBXTargetDependency;
			target = EC6F071529DFC8E800A8C573 /* LSM */;
			targetProxy = EC6F073229DFC8F000A8C573 /* PBXContainerItemProxy */;
		};
/* End PBXTargetDependency section */

/* Begin XCBuildConfiguration section */
		EC6F073929DFC8F100A8C573 /* Debug */ = {
			isa = XCBuildConfiguration;
			buildSettings = {
				ALWAYS_SEARCH_USER_PATHS = NO;
				CLANG_ANALYZER_NONNULL = YES;
				CLANG_ANALYZER_NUMBER_OBJECT_CONVERSION = YES_AGGRESSIVE;
				CLANG_CXX_LANGUAGE_STANDARD = "gnu++20";
				CLANG_ENABLE_MODULES = YES;
				CLANG_ENABLE_OBJC_ARC = YES;
				CLANG_ENABLE_OBJC_WEAK = YES;
				CLANG_WARN_BLOCK_CAPTURE_AUTORELEASING = YES;
				CLANG_WARN_BOOL_CONVERSION = YES;
				CLANG_WARN_COMMA = YES;
				CLANG_WARN_CONSTANT_CONVERSION = YES;
				CLANG_WARN_DEPRECATED_OBJC_IMPLEMENTATIONS = YES;
				CLANG_WARN_DIRECT_OBJC_ISA_USAGE = YES_ERROR;
				CLANG_WARN_DOCUMENTATION_COMMENTS = YES;
				CLANG_WARN_EMPTY_BODY = YES;
				CLANG_WARN_ENUM_CONVERSION = YES;
				CLANG_WARN_INFINITE_RECURSION = YES;
				CLANG_WARN_INT_CONVERSION = YES;
				CLANG_WARN_NON_LITERAL_NULL_CONVERSION = YES;
				CLANG_WARN_OBJC_IMPLICIT_RETAIN_SELF = YES;
				CLANG_WARN_OBJC_LITERAL_CONVERSION = YES;
				CLANG_WARN_OBJC_ROOT_CLASS = YES_ERROR;
				CLANG_WARN_QUOTED_INCLUDE_IN_FRAMEWORK_HEADER = YES;
				CLANG_WARN_RANGE_LOOP_ANALYSIS = YES;
				CLANG_WARN_STRICT_PROTOTYPES = YES;
				CLANG_WARN_SUSPICIOUS_MOVE = YES;
				CLANG_WARN_UNGUARDED_AVAILABILITY = YES_AGGRESSIVE;
				CLANG_WARN_UNREACHABLE_CODE = YES;
				CLANG_WARN__DUPLICATE_METHOD_MATCH = YES;
				COPY_PHASE_STRIP = NO;
				DEBUG_INFORMATION_FORMAT = dwarf;
				ENABLE_STRICT_OBJC_MSGSEND = YES;
				ENABLE_TESTABILITY = YES;
				GCC_C_LANGUAGE_STANDARD = gnu11;
				GCC_DYNAMIC_NO_PIC = NO;
				GCC_NO_COMMON_BLOCKS = YES;
				GCC_OPTIMIZATION_LEVEL = 0;
				GCC_PREPROCESSOR_DEFINITIONS = (
					"DEBUG=1",
					"$(inherited)",
				);
				GCC_WARN_64_TO_32_BIT_CONVERSION = YES;
				GCC_WARN_ABOUT_RETURN_TYPE = YES_ERROR;
				GCC_WARN_UNDECLARED_SELECTOR = YES;
				GCC_WARN_UNINITIALIZED_AUTOS = YES_AGGRESSIVE;
				GCC_WARN_UNUSED_FUNCTION = YES;
				GCC_WARN_UNUSED_VARIABLE = YES;
				MTL_ENABLE_DEBUG_INFO = INCLUDE_SOURCE;
				MTL_FAST_MATH = YES;
				ONLY_ACTIVE_ARCH = YES;
				SWIFT_ACTIVE_COMPILATION_CONDITIONS = DEBUG;
				SWIFT_OPTIMIZATION_LEVEL = "-Onone";
			};
			name = Debug;
		};
		EC6F073A29DFC8F100A8C573 /* Release */ = {
			isa = XCBuildConfiguration;
			buildSettings = {
				ALWAYS_SEARCH_USER_PATHS = NO;
				CLANG_ANALYZER_NONNULL = YES;
				CLANG_ANALYZER_NUMBER_OBJECT_CONVERSION = YES_AGGRESSIVE;
				CLANG_CXX_LANGUAGE_STANDARD = "gnu++20";
				CLANG_ENABLE_MODULES = YES;
				CLANG_ENABLE_OBJC_ARC = YES;
				CLANG_ENABLE_OBJC_WEAK = YES;
				CLANG_WARN_BLOCK_CAPTURE_AUTORELEASING = YES;
				CLANG_WARN_BOOL_CONVERSION = YES;
				CLANG_WARN_COMMA = YES;
				CLANG_WARN_CONSTANT_CONVERSION = YES;
				CLANG_WARN_DEPRECATED_OBJC_IMPLEMENTATIONS = YES;
				CLANG_WARN_DIRECT_OBJC_ISA_USAGE = YES_ERROR;
				CLANG_WARN_DOCUMENTATION_COMMENTS = YES;
				CLANG_WARN_EMPTY_BODY = YES;
				CLANG_WARN_ENUM_CONVERSION = YES;
				CLANG_WARN_INFINITE_RECURSION = YES;
				CLANG_WARN_INT_CONVERSION = YES;
				CLANG_WARN_NON_LITERAL_NULL_CONVERSION = YES;
				CLANG_WARN_OBJC_IMPLICIT_RETAIN_SELF = YES;
				CLANG_WARN_OBJC_LITERAL_CONVERSION = YES;
				CLANG_WARN_OBJC_ROOT_CLASS = YES_ERROR;
				CLANG_WARN_QUOTED_INCLUDE_IN_FRAMEWORK_HEADER = YES;
				CLANG_WARN_RANGE_LOOP_ANALYSIS = YES;
				CLANG_WARN_STRICT_PROTOTYPES = YES;
				CLANG_WARN_SUSPICIOUS_MOVE = YES;
				CLANG_WARN_UNGUARDED_AVAILABILITY = YES_AGGRESSIVE;
				CLANG_WARN_UNREACHABLE_CODE = YES;
				CLANG_WARN__DUPLICATE_METHOD_MATCH = YES;
				COPY_PHASE_STRIP = NO;
				DEBUG_INFORMATION_FORMAT = "dwarf-with-dsym";
				ENABLE_NS_ASSERTIONS = NO;
				ENABLE_STRICT_OBJC_MSGSEND = YES;
				GCC_C_LANGUAGE_STANDARD = gnu11;
				GCC_NO_COMMON_BLOCKS = YES;
				GCC_WARN_64_TO_32_BIT_CONVERSION = YES;
				GCC_WARN_ABOUT_RETURN_TYPE = YES_ERROR;
				GCC_WARN_UNDECLARED_SELECTOR = YES;
				GCC_WARN_UNINITIALIZED_AUTOS = YES_AGGRESSIVE;
				GCC_WARN_UNUSED_FUNCTION = YES;
				GCC_WARN_UNUSED_VARIABLE = YES;
				MTL_ENABLE_DEBUG_INFO = NO;
				MTL_FAST_MATH = YES;
				SWIFT_COMPILATION_MODE = wholemodule;
				SWIFT_OPTIMIZATION_LEVEL = "-O";
			};
			name = Release;
		};
		EC6F073C29DFC8F100A8C573 /* Debug */ = {
			isa = XCBuildConfiguration;
			buildSettings = {
				ASSETCATALOG_COMPILER_APPICON_NAME = AppIcon;
				ASSETCATALOG_COMPILER_GLOBAL_ACCENT_COLOR_NAME = AccentColor;
				ASSETCATALOG_COMPILER_INCLUDE_ALL_APPICON_ASSETS = YES;
				CODE_SIGN_ENTITLEMENTS = LSM/LSM.entitlements;
				CODE_SIGN_STYLE = Automatic;
				CURRENT_PROJECT_VERSION = 1;
				DEVELOPMENT_ASSET_PATHS = "\"LSM/Preview Content\"";
				DEVELOPMENT_TEAM = HXBZVXB374;
				ENABLE_HARDENED_RUNTIME = YES;
				"ENABLE_HARDENED_RUNTIME[sdk=macosx*]" = YES;
				ENABLE_PREVIEWS = YES;
				GENERATE_INFOPLIST_FILE = YES;
				INFOPLIST_KEY_LSApplicationCategoryType = "public.app-category.productivity";
				INFOPLIST_KEY_NSCameraUsageDescription = LSM;
				"INFOPLIST_KEY_UIApplicationSceneManifest_Generation[sdk=iphoneos*]" = YES;
				"INFOPLIST_KEY_UIApplicationSceneManifest_Generation[sdk=iphonesimulator*]" = YES;
				"INFOPLIST_KEY_UIApplicationSupportsIndirectInputEvents[sdk=iphoneos*]" = YES;
				"INFOPLIST_KEY_UIApplicationSupportsIndirectInputEvents[sdk=iphonesimulator*]" = YES;
				"INFOPLIST_KEY_UILaunchScreen_Generation[sdk=iphoneos*]" = YES;
				"INFOPLIST_KEY_UILaunchScreen_Generation[sdk=iphonesimulator*]" = YES;
				"INFOPLIST_KEY_UIStatusBarStyle[sdk=iphoneos*]" = UIStatusBarStyleDefault;
				"INFOPLIST_KEY_UIStatusBarStyle[sdk=iphonesimulator*]" = UIStatusBarStyleDefault;
				INFOPLIST_KEY_UISupportedInterfaceOrientations_iPad = "UIInterfaceOrientationPortrait UIInterfaceOrientationPortraitUpsideDown UIInterfaceOrientationLandscapeLeft UIInterfaceOrientationLandscapeRight";
				INFOPLIST_KEY_UISupportedInterfaceOrientations_iPhone = "UIInterfaceOrientationPortrait UIInterfaceOrientationPortraitUpsideDown";
				IPHONEOS_DEPLOYMENT_TARGET = 16.4;
				LD_RUNPATH_SEARCH_PATHS = "@executable_path/Frameworks";
				"LD_RUNPATH_SEARCH_PATHS[sdk=macosx*]" = "@executable_path/../Frameworks";
				MACOSX_DEPLOYMENT_TARGET = 13.3;
				MARKETING_VERSION = 1.0;
				PRODUCT_BUNDLE_IDENTIFIER = com.escom.LSM;
				PRODUCT_NAME = "$(TARGET_NAME)";
				SDKROOT = auto;
				SUPPORTED_PLATFORMS = "iphoneos iphonesimulator";
				SUPPORTS_MACCATALYST = NO;
				SUPPORTS_MAC_DESIGNED_FOR_IPHONE_IPAD = NO;
				SWIFT_EMIT_LOC_STRINGS = YES;
				SWIFT_VERSION = 5.0;
				TARGETED_DEVICE_FAMILY = 1;
			};
			name = Debug;
		};
		EC6F073D29DFC8F100A8C573 /* Release */ = {
			isa = XCBuildConfiguration;
			buildSettings = {
				ASSETCATALOG_COMPILER_APPICON_NAME = AppIcon;
				ASSETCATALOG_COMPILER_GLOBAL_ACCENT_COLOR_NAME = AccentColor;
				ASSETCATALOG_COMPILER_INCLUDE_ALL_APPICON_ASSETS = YES;
				CODE_SIGN_ENTITLEMENTS = LSM/LSM.entitlements;
				CODE_SIGN_STYLE = Automatic;
				CURRENT_PROJECT_VERSION = 1;
				DEVELOPMENT_ASSET_PATHS = "\"LSM/Preview Content\"";
				DEVELOPMENT_TEAM = HXBZVXB374;
				ENABLE_HARDENED_RUNTIME = YES;
				"ENABLE_HARDENED_RUNTIME[sdk=macosx*]" = YES;
				ENABLE_PREVIEWS = YES;
				GENERATE_INFOPLIST_FILE = YES;
				INFOPLIST_KEY_LSApplicationCategoryType = "public.app-category.productivity";
				INFOPLIST_KEY_NSCameraUsageDescription = LSM;
				"INFOPLIST_KEY_UIApplicationSceneManifest_Generation[sdk=iphoneos*]" = YES;
				"INFOPLIST_KEY_UIApplicationSceneManifest_Generation[sdk=iphonesimulator*]" = YES;
				"INFOPLIST_KEY_UIApplicationSupportsIndirectInputEvents[sdk=iphoneos*]" = YES;
				"INFOPLIST_KEY_UIApplicationSupportsIndirectInputEvents[sdk=iphonesimulator*]" = YES;
				"INFOPLIST_KEY_UILaunchScreen_Generation[sdk=iphoneos*]" = YES;
				"INFOPLIST_KEY_UILaunchScreen_Generation[sdk=iphonesimulator*]" = YES;
				"INFOPLIST_KEY_UIStatusBarStyle[sdk=iphoneos*]" = UIStatusBarStyleDefault;
				"INFOPLIST_KEY_UIStatusBarStyle[sdk=iphonesimulator*]" = UIStatusBarStyleDefault;
				INFOPLIST_KEY_UISupportedInterfaceOrientations_iPad = "UIInterfaceOrientationPortrait UIInterfaceOrientationPortraitUpsideDown UIInterfaceOrientationLandscapeLeft UIInterfaceOrientationLandscapeRight";
				INFOPLIST_KEY_UISupportedInterfaceOrientations_iPhone = "UIInterfaceOrientationPortrait UIInterfaceOrientationPortraitUpsideDown";
				IPHONEOS_DEPLOYMENT_TARGET = 16.4;
				LD_RUNPATH_SEARCH_PATHS = "@executable_path/Frameworks";
				"LD_RUNPATH_SEARCH_PATHS[sdk=macosx*]" = "@executable_path/../Frameworks";
				MACOSX_DEPLOYMENT_TARGET = 13.3;
				MARKETING_VERSION = 1.0;
				PRODUCT_BUNDLE_IDENTIFIER = com.escom.LSM;
				PRODUCT_NAME = "$(TARGET_NAME)";
				SDKROOT = auto;
				SUPPORTED_PLATFORMS = "iphoneos iphonesimulator";
				SUPPORTS_MACCATALYST = NO;
				SUPPORTS_MAC_DESIGNED_FOR_IPHONE_IPAD = NO;
				SWIFT_EMIT_LOC_STRINGS = YES;
				SWIFT_VERSION = 5.0;
				TARGETED_DEVICE_FAMILY = 1;
			};
			name = Release;
		};
		EC6F073F29DFC8F100A8C573 /* Debug */ = {
			isa = XCBuildConfiguration;
			buildSettings = {
				ALWAYS_EMBED_SWIFT_STANDARD_LIBRARIES = YES;
				BUNDLE_LOADER = "$(TEST_HOST)";
				CODE_SIGN_STYLE = Automatic;
				CURRENT_PROJECT_VERSION = 1;
				DEVELOPMENT_TEAM = HXBZVXB374;
				GENERATE_INFOPLIST_FILE = YES;
				IPHONEOS_DEPLOYMENT_TARGET = 16.4;
				MACOSX_DEPLOYMENT_TARGET = 13.3;
				MARKETING_VERSION = 1.0;
				PRODUCT_BUNDLE_IDENTIFIER = com.escom.LSMTests;
				PRODUCT_NAME = "$(TARGET_NAME)";
				SDKROOT = auto;
				SUPPORTED_PLATFORMS = "iphoneos iphonesimulator macosx";
				SWIFT_EMIT_LOC_STRINGS = NO;
				SWIFT_VERSION = 5.0;
				TARGETED_DEVICE_FAMILY = "1,2";
				TEST_HOST = "$(BUILT_PRODUCTS_DIR)/LSM.app/$(BUNDLE_EXECUTABLE_FOLDER_PATH)/LSM";
			};
			name = Debug;
		};
		EC6F074029DFC8F100A8C573 /* Release */ = {
			isa = XCBuildConfiguration;
			buildSettings = {
				ALWAYS_EMBED_SWIFT_STANDARD_LIBRARIES = YES;
				BUNDLE_LOADER = "$(TEST_HOST)";
				CODE_SIGN_STYLE = Automatic;
				CURRENT_PROJECT_VERSION = 1;
				DEVELOPMENT_TEAM = HXBZVXB374;
				GENERATE_INFOPLIST_FILE = YES;
				IPHONEOS_DEPLOYMENT_TARGET = 16.4;
				MACOSX_DEPLOYMENT_TARGET = 13.3;
				MARKETING_VERSION = 1.0;
				PRODUCT_BUNDLE_IDENTIFIER = com.escom.LSMTests;
				PRODUCT_NAME = "$(TARGET_NAME)";
				SDKROOT = auto;
				SUPPORTED_PLATFORMS = "iphoneos iphonesimulator macosx";
				SWIFT_EMIT_LOC_STRINGS = NO;
				SWIFT_VERSION = 5.0;
				TARGETED_DEVICE_FAMILY = "1,2";
				TEST_HOST = "$(BUILT_PRODUCTS_DIR)/LSM.app/$(BUNDLE_EXECUTABLE_FOLDER_PATH)/LSM";
			};
			name = Release;
		};
		EC6F074229DFC8F100A8C573 /* Debug */ = {
			isa = XCBuildConfiguration;
			buildSettings = {
				ALWAYS_EMBED_SWIFT_STANDARD_LIBRARIES = YES;
				CODE_SIGN_STYLE = Automatic;
				CURRENT_PROJECT_VERSION = 1;
				DEVELOPMENT_TEAM = HXBZVXB374;
				GENERATE_INFOPLIST_FILE = YES;
				IPHONEOS_DEPLOYMENT_TARGET = 16.4;
				MACOSX_DEPLOYMENT_TARGET = 13.3;
				MARKETING_VERSION = 1.0;
				PRODUCT_BUNDLE_IDENTIFIER = com.escom.LSMUITests;
				PRODUCT_NAME = "$(TARGET_NAME)";
				SDKROOT = auto;
				SUPPORTED_PLATFORMS = "iphoneos iphonesimulator macosx";
				SWIFT_EMIT_LOC_STRINGS = NO;
				SWIFT_VERSION = 5.0;
				TARGETED_DEVICE_FAMILY = "1,2";
				TEST_TARGET_NAME = LSM;
			};
			name = Debug;
		};
		EC6F074329DFC8F100A8C573 /* Release */ = {
			isa = XCBuildConfiguration;
			buildSettings = {
				ALWAYS_EMBED_SWIFT_STANDARD_LIBRARIES = YES;
				CODE_SIGN_STYLE = Automatic;
				CURRENT_PROJECT_VERSION = 1;
				DEVELOPMENT_TEAM = HXBZVXB374;
				GENERATE_INFOPLIST_FILE = YES;
				IPHONEOS_DEPLOYMENT_TARGET = 16.4;
				MACOSX_DEPLOYMENT_TARGET = 13.3;
				MARKETING_VERSION = 1.0;
				PRODUCT_BUNDLE_IDENTIFIER = com.escom.LSMUITests;
				PRODUCT_NAME = "$(TARGET_NAME)";
				SDKROOT = auto;
				SUPPORTED_PLATFORMS = "iphoneos iphonesimulator macosx";
				SWIFT_EMIT_LOC_STRINGS = NO;
				SWIFT_VERSION = 5.0;
				TARGETED_DEVICE_FAMILY = "1,2";
				TEST_TARGET_NAME = LSM;
			};
			name = Release;
		};
/* End XCBuildConfiguration section */

/* Begin XCConfigurationList section */
		EC6F071129DFC8E800A8C573 /* Build configuration list for PBXProject "LSM" */ = {
			isa = XCConfigurationList;
			buildConfigurations = (
				EC6F073929DFC8F100A8C573 /* Debug */,
				EC6F073A29DFC8F100A8C573 /* Release */,
			);
			defaultConfigurationIsVisible = 0;
			defaultConfigurationName = Release;
		};
		EC6F073B29DFC8F100A8C573 /* Build configuration list for PBXNativeTarget "LSM" */ = {
			isa = XCConfigurationList;
			buildConfigurations = (
				EC6F073C29DFC8F100A8C573 /* Debug */,
				EC6F073D29DFC8F100A8C573 /* Release */,
			);
			defaultConfigurationIsVisible = 0;
			defaultConfigurationName = Release;
		};
		EC6F073E29DFC8F100A8C573 /* Build configuration list for PBXNativeTarget "LSMTests" */ = {
			isa = XCConfigurationList;
			buildConfigurations = (
				EC6F073F29DFC8F100A8C573 /* Debug */,
				EC6F074029DFC8F100A8C573 /* Release */,
			);
			defaultConfigurationIsVisible = 0;
			defaultConfigurationName = Release;
		};
		EC6F074129DFC8F100A8C573 /* Build configuration list for PBXNativeTarget "LSMUITests" */ = {
			isa = XCConfigurationList;
			buildConfigurations = (
				EC6F074229DFC8F100A8C573 /* Debug */,
				EC6F074329DFC8F100A8C573 /* Release */,
			);
			defaultConfigurationIsVisible = 0;
			defaultConfigurationName = Release;
		};
/* End XCConfigurationList section */
	};
	rootObject = EC6F070E29DFC8E800A8C573 /* Project object */;
}
